// !$*UTF8*$!
{
	archiveVersion = 1;
	classes = {
	};
	objectVersion = 50;
	objects = {

/* Begin PBXBuildFile section */
		A34F787626C4B37900033ADE /* HuffmanCoderApp.swift in Sources */ = {isa = PBXBuildFile; fileRef = A34F787526C4B37900033ADE /* HuffmanCoderApp.swift */; };
		A34F787826C4B37900033ADE /* ContentView.swift in Sources */ = {isa = PBXBuildFile; fileRef = A34F787726C4B37900033ADE /* ContentView.swift */; };
		A34F787A26C4B37B00033ADE /* Assets.xcassets in Resources */ = {isa = PBXBuildFile; fileRef = A34F787926C4B37B00033ADE /* Assets.xcassets */; };
		A34F787D26C4B37B00033ADE /* Preview Assets.xcassets in Resources */ = {isa = PBXBuildFile; fileRef = A34F787C26C4B37B00033ADE /* Preview Assets.xcassets */; };
		A34F788626C4B3A200033ADE /* Main.swift in Sources */ = {isa = PBXBuildFile; fileRef = A34F788526C4B3A200033ADE /* Main.swift */; };
		A34F788926C58F6C00033ADE /* Heap.swift in Sources */ = {isa = PBXBuildFile; fileRef = A34F788826C58F6C00033ADE /* Heap.swift */; };
/* End PBXBuildFile section */

/* Begin PBXFileReference section */
		A34F787226C4B37900033ADE /* HuffmanCoder.app */ = {isa = PBXFileReference; explicitFileType = wrapper.application; includeInIndex = 0; path = HuffmanCoder.app; sourceTree = BUILT_PRODUCTS_DIR; };
		A34F787526C4B37900033ADE /* HuffmanCoderApp.swift */ = {isa = PBXFileReference; lastKnownFileType = sourcecode.swift; path = HuffmanCoderApp.swift; sourceTree = "<group>"; };
		A34F787726C4B37900033ADE /* ContentView.swift */ = {isa = PBXFileReference; lastKnownFileType = sourcecode.swift; path = ContentView.swift; sourceTree = "<group>"; };
		A34F787926C4B37B00033ADE /* Assets.xcassets */ = {isa = PBXFileReference; lastKnownFileType = folder.assetcatalog; path = Assets.xcassets; sourceTree = "<group>"; };
		A34F787C26C4B37B00033ADE /* Preview Assets.xcassets */ = {isa = PBXFileReference; lastKnownFileType = folder.assetcatalog; path = "Preview Assets.xcassets"; sourceTree = "<group>"; };
		A34F787E26C4B37B00033ADE /* Info.plist */ = {isa = PBXFileReference; lastKnownFileType = text.plist.xml; path = Info.plist; sourceTree = "<group>"; };
		A34F788526C4B3A200033ADE /* Main.swift */ = {isa = PBXFileReference; lastKnownFileType = sourcecode.swift; path = Main.swift; sourceTree = "<group>"; };
		A34F788826C58F6C00033ADE /* Heap.swift */ = {isa = PBXFileReference; lastKnownFileType = sourcecode.swift; path = Heap.swift; sourceTree = "<group>"; };
/* End PBXFileReference section */

/* Begin PBXFrameworksBuildPhase section */
		A34F786F26C4B37900033ADE /* Frameworks */ = {
			isa = PBXFrameworksBuildPhase;
			buildActionMask = 2147483647;
			files = (
			);
			runOnlyForDeploymentPostprocessing = 0;
		};
/* End PBXFrameworksBuildPhase section */

/* Begin PBXGroup section */
		A34F786926C4B37900033ADE = {
			isa = PBXGroup;
			children = (
				A34F788826C58F6C00033ADE /* Heap.swift */,
				A34F787426C4B37900033ADE /* HuffmanCoder */,
				A34F787326C4B37900033ADE /* Products */,
			);
			sourceTree = "<group>";
		};
		A34F787326C4B37900033ADE /* Products */ = {
			isa = PBXGroup;
			children = (
				A34F787226C4B37900033ADE /* HuffmanCoder.app */,
			);
			name = Products;
			sourceTree = "<group>";
		};
		A34F787426C4B37900033ADE /* HuffmanCoder */ = {
			isa = PBXGroup;
			children = (
				A34F787526C4B37900033ADE /* HuffmanCoderApp.swift */,
				A34F787726C4B37900033ADE /* ContentView.swift */,
				A34F787926C4B37B00033ADE /* Assets.xcassets */,
				A34F787E26C4B37B00033ADE /* Info.plist */,
				A34F787B26C4B37B00033ADE /* Preview Content */,
				A34F788526C4B3A200033ADE /* Main.swift */,
			);
			path = HuffmanCoder;
			sourceTree = "<group>";
		};
		A34F787B26C4B37B00033ADE /* Preview Content */ = {
			isa = PBXGroup;
			children = (
				A34F787C26C4B37B00033ADE /* Preview Assets.xcassets */,
			);
			path = "Preview Content";
			sourceTree = "<group>";
		};
/* End PBXGroup section */

/* Begin PBXNativeTarget section */
		A34F787126C4B37900033ADE /* HuffmanCoder */ = {
			isa = PBXNativeTarget;
			buildConfigurationList = A34F788126C4B37B00033ADE /* Build configuration list for PBXNativeTarget "HuffmanCoder" */;
			buildPhases = (
				A34F786E26C4B37900033ADE /* Sources */,
				A34F786F26C4B37900033ADE /* Frameworks */,
				A34F787026C4B37900033ADE /* Resources */,
			);
			buildRules = (
			);
			dependencies = (
			);
			name = HuffmanCoder;
			productName = HuffmanCoder;
			productReference = A34F787226C4B37900033ADE /* HuffmanCoder.app */;
			productType = "com.apple.product-type.application";
		};
/* End PBXNativeTarget section */

/* Begin PBXProject section */
		A34F786A26C4B37900033ADE /* Project object */ = {
			isa = PBXProject;
			attributes = {
				LastSwiftUpdateCheck = 1240;
				LastUpgradeCheck = 1240;
				TargetAttributes = {
					A34F787126C4B37900033ADE = {
						CreatedOnToolsVersion = 12.4;
					};
				};
			};
			buildConfigurationList = A34F786D26C4B37900033ADE /* Build configuration list for PBXProject "HuffmanCoder" */;
			compatibilityVersion = "Xcode 9.3";
			developmentRegion = en;
			hasScannedForEncodings = 0;
			knownRegions = (
				en,
				Base,
			);
			mainGroup = A34F786926C4B37900033ADE;
			productRefGroup = A34F787326C4B37900033ADE /* Products */;
			projectDirPath = "";
			projectRoot = "";
			targets = (
				A34F787126C4B37900033ADE /* HuffmanCoder */,
			);
		};
/* End PBXProject section */

/* Begin PBXResourcesBuildPhase section */
		A34F787026C4B37900033ADE /* Resources */ = {
			isa = PBXResourcesBuildPhase;
			buildActionMask = 2147483647;
			files = (
				A34F787D26C4B37B00033ADE /* Preview Assets.xcassets in Resources */,
				A34F787A26C4B37B00033ADE /* Assets.xcassets in Resources */,
			);
			runOnlyForDeploymentPostprocessing = 0;
		};
/* End PBXResourcesBuildPhase section */

/* Begin PBXSourcesBuildPhase section */
		A34F786E26C4B37900033ADE /* Sources */ = {
			isa = PBXSourcesBuildPhase;
			buildActionMask = 2147483647;
			files = (
				A34F788626C4B3A200033ADE /* Main.swift in Sources */,
				A34F787826C4B37900033ADE /* ContentView.swift in Sources */,
				A34F787626C4B37900033ADE /* HuffmanCoderApp.swift in Sources */,
				A34F788926C58F6C00033ADE /* Heap.swift in Sources */,
			);
			runOnlyForDeploymentPostprocessing = 0;
		};
/* End PBXSourcesBuildPhase section */

/* Begin XCBuildConfiguration section */
		A34F787F26C4B37B00033ADE /* Debug */ = {
			isa = XCBuildConfiguration;
			buildSettings = {
				ALWAYS_SEARCH_USER_PATHS = NO;
				CLANG_ANALYZER_NONNULL = YES;
				CLANG_ANALYZER_NUMBER_OBJECT_CONVERSION = YES_AGGRESSIVE;
				CLANG_CXX_LANGUAGE_STANDARD = "gnu++14";
				CLANG_CXX_LIBRARY = "libc++";
				CLANG_ENABLE_MODULES = YES;
				CLANG_ENABLE_OBJC_ARC = YES;
				CLANG_ENABLE_OBJC_WEAK = YES;
				CLANG_WARN_BLOCK_CAPTURE_AUTORELEASING = YES;
				CLANG_WARN_BOOL_CONVERSION = YES;
				CLANG_WARN_COMMA = YES;
				CLANG_WARN_CONSTANT_CONVERSION = YES;
				CLANG_WARN_DEPRECATED_OBJC_IMPLEMENTATIONS = YES;
				CLANG_WARN_DIRECT_OBJC_ISA_USAGE = YES_ERROR;
				CLANG_WARN_DOCUMENTATION_COMMENTS = YES;
				CLANG_WARN_EMPTY_BODY = YES;
				CLANG_WARN_ENUM_CONVERSION = YES;
				CLANG_WARN_INFINITE_RECURSION = YES;
				CLANG_WARN_INT_CONVERSION = YES;
				CLANG_WARN_NON_LITERAL_NULL_CONVERSION = YES;
				CLANG_WARN_OBJC_IMPLICIT_RETAIN_SELF = YES;
				CLANG_WARN_OBJC_LITERAL_CONVERSION = YES;
				CLANG_WARN_OBJC_ROOT_CLASS = YES_ERROR;
				CLANG_WARN_QUOTED_INCLUDE_IN_FRAMEWORK_HEADER = YES;
				CLANG_WARN_RANGE_LOOP_ANALYSIS = YES;
				CLANG_WARN_STRICT_PROTOTYPES = YES;
				CLANG_WARN_SUSPICIOUS_MOVE = YES;
				CLANG_WARN_UNGUARDED_AVAILABILITY = YES_AGGRESSIVE;
				CLANG_WARN_UNREACHABLE_CODE = YES;
				CLANG_WARN__DUPLICATE_METHOD_MATCH = YES;
				COPY_PHASE_STRIP = NO;
				DEBUG_INFORMATION_FORMAT = dwarf;
				ENABLE_STRICT_OBJC_MSGSEND = YES;
				ENABLE_TESTABILITY = YES;
				GCC_C_LANGUAGE_STANDARD = gnu11;
				GCC_DYNAMIC_NO_PIC = NO;
				GCC_NO_COMMON_BLOCKS = YES;
				GCC_OPTIMIZATION_LEVEL = 0;
				GCC_PREPROCESSOR_DEFINITIONS = (
					"DEBUG=1",
					"$(inherited)",
				);
				GCC_WARN_64_TO_32_BIT_CONVERSION = YES;
				GCC_WARN_ABOUT_RETURN_TYPE = YES_ERROR;
				GCC_WARN_UNDECLARED_SELECTOR = YES;
				GCC_WARN_UNINITIALIZED_AUTOS = YES_AGGRESSIVE;
				GCC_WARN_UNUSED_FUNCTION = YES;
				GCC_WARN_UNUSED_VARIABLE = YES;
				IPHONEOS_DEPLOYMENT_TARGET = 14.4;
				MTL_ENABLE_DEBUG_INFO = INCLUDE_SOURCE;
				MTL_FAST_MATH = YES;
				ONLY_ACTIVE_ARCH = YES;
				SDKROOT = iphoneos;
				SWIFT_ACTIVE_COMPILATION_CONDITIONS = DEBUG;
				SWIFT_OPTIMIZATION_LEVEL = "-Onone";
			};
			name = Debug;
		};
		A34F788026C4B37B00033ADE /* Release */ = {
			isa = XCBuildConfiguration;
			buildSettings = {
				ALWAYS_SEARCH_USER_PATHS = NO;
				CLANG_ANALYZER_NONNULL = YES;
				CLANG_ANALYZER_NUMBER_OBJECT_CONVERSION = YES_AGGRESSIVE;
				CLANG_CXX_LANGUAGE_STANDARD = "gnu++14";
				CLANG_CXX_LIBRARY = "libc++";
				CLANG_ENABLE_MODULES = YES;
				CLANG_ENABLE_OBJC_ARC = YES;
				CLANG_ENABLE_OBJC_WEAK = YES;
				CLANG_WARN_BLOCK_CAPTURE_AUTORELEASING = YES;
				CLANG_WARN_BOOL_CONVERSION = YES;
				CLANG_WARN_COMMA = YES;
				CLANG_WARN_CONSTANT_CONVERSION = YES;
				CLANG_WARN_DEPRECATED_OBJC_IMPLEMENTATIONS = YES;
				CLANG_WARN_DIRECT_OBJC_ISA_USAGE = YES_ERROR;
				CLANG_WARN_DOCUMENTATION_COMMENTS = YES;
				CLANG_WARN_EMPTY_BODY = YES;
				CLANG_WARN_ENUM_CONVERSION = YES;
				CLANG_WARN_INFINITE_RECURSION = YES;
				CLANG_WARN_INT_CONVERSION = YES;
				CLANG_WARN_NON_LITERAL_NULL_CONVERSION = YES;
				CLANG_WARN_OBJC_IMPLICIT_RETAIN_SELF = YES;
				CLANG_WARN_OBJC_LITERAL_CONVERSION = YES;
				CLANG_WARN_OBJC_ROOT_CLASS = YES_ERROR;
				CLANG_WARN_QUOTED_INCLUDE_IN_FRAMEWORK_HEADER = YES;
				CLANG_WARN_RANGE_LOOP_ANALYSIS = YES;
				CLANG_WARN_STRICT_PROTOTYPES = YES;
				CLANG_WARN_SUSPICIOUS_MOVE = YES;
				CLANG_WARN_UNGUARDED_AVAILABILITY = YES_AGGRESSIVE;
				CLANG_WARN_UNREACHABLE_CODE = YES;
				CLANG_WARN__DUPLICATE_METHOD_MATCH = YES;
				COPY_PHASE_STRIP = NO;
				DEBUG_INFORMATION_FORMAT = "dwarf-with-dsym";
				ENABLE_NS_ASSERTIONS = NO;
				ENABLE_STRICT_OBJC_MSGSEND = YES;
				GCC_C_LANGUAGE_STANDARD = gnu11;
				GCC_NO_COMMON_BLOCKS = YES;
				GCC_WARN_64_TO_32_BIT_CONVERSION = YES;
				GCC_WARN_ABOUT_RETURN_TYPE = YES_ERROR;
				GCC_WARN_UNDECLARED_SELECTOR = YES;
				GCC_WARN_UNINITIALIZED_AUTOS = YES_AGGRESSIVE;
				GCC_WARN_UNUSED_FUNCTION = YES;
				GCC_WARN_UNUSED_VARIABLE = YES;
				IPHONEOS_DEPLOYMENT_TARGET = 14.4;
				MTL_ENABLE_DEBUG_INFO = NO;
				MTL_FAST_MATH = YES;
				SDKROOT = iphoneos;
				SWIFT_COMPILATION_MODE = wholemodule;
				SWIFT_OPTIMIZATION_LEVEL = "-O";
				VALIDATE_PRODUCT = YES;
			};
			name = Release;
		};
		A34F788226C4B37B00033ADE /* Debug */ = {
			isa = XCBuildConfiguration;
			buildSettings = {
				ASSETCATALOG_COMPILER_APPICON_NAME = AppIcon;
				ASSETCATALOG_COMPILER_GLOBAL_ACCENT_COLOR_NAME = AccentColor;
				CODE_SIGN_STYLE = Automatic;
				DEVELOPMENT_ASSET_PATHS = "\"HuffmanCoder/Preview Content\"";
				DEVELOPMENT_TEAM = X58G9GNF48;
				ENABLE_PREVIEWS = YES;
				INFOPLIST_FILE = HuffmanCoder/Info.plist;
				IPHONEOS_DEPLOYMENT_TARGET = 14.0;
				LD_RUNPATH_SEARCH_PATHS = (
					"$(inherited)",
					"@executable_path/Frameworks",
				);
				PRODUCT_BUNDLE_IDENTIFIER = raven.HuffmanCoder;
				PRODUCT_NAME = "$(TARGET_NAME)";
				SWIFT_VERSION = 5.0;
				TARGETED_DEVICE_FAMILY = "1,2";
			};
			name = Debug;
		};
		A34F788326C4B37B00033ADE /* Release */ = {
			isa = XCBuildConfiguration;
			buildSettings = {
				ASSETCATALOG_COMPILER_APPICON_NAME = AppIcon;
				ASSETCATALOG_COMPILER_GLOBAL_ACCENT_COLOR_NAME = AccentColor;
				CODE_SIGN_STYLE = Automatic;
				DEVELOPMENT_ASSET_PATHS = "\"HuffmanCoder/Preview Content\"";
				DEVELOPMENT_TEAM = X58G9GNF48;
				ENABLE_PREVIEWS = YES;
				INFOPLIST_FILE = HuffmanCoder/Info.plist;
				IPHONEOS_DEPLOYMENT_TARGET = 14.0;
				LD_RUNPATH_SEARCH_PATHS = (
					"$(inherited)",
					"@executable_path/Frameworks",
				);
				PRODUCT_BUNDLE_IDENTIFIER = raven.HuffmanCoder;
				PRODUCT_NAME = "$(TARGET_NAME)";
				SWIFT_VERSION = 5.0;
				TARGETED_DEVICE_FAMILY = "1,2";
			};
			name = Release;
		};
/* End XCBuildConfiguration section */

/* Begin XCConfigurationList section */
		A34F786D26C4B37900033ADE /* Build configuration list for PBXProject "HuffmanCoder" */ = {
			isa = XCConfigurationList;
			buildConfigurations = (
				A34F787F26C4B37B00033ADE /* Debug */,
				A34F788026C4B37B00033ADE /* Release */,
			);
			defaultConfigurationIsVisible = 0;
			defaultConfigurationName = Release;
		};
		A34F788126C4B37B00033ADE /* Build configuration list for PBXNativeTarget "HuffmanCoder" */ = {
			isa = XCConfigurationList;
			buildConfigurations = (
				A34F788226C4B37B00033ADE /* Debug */,
				A34F788326C4B37B00033ADE /* Release */,
			);
			defaultConfigurationIsVisible = 0;
			defaultConfigurationName = Release;
		};
/* End XCConfigurationList section */
	};
	rootObject = A34F786A26C4B37900033ADE /* Project object */;
}
